{
    "_readme": [
        "This file locks the dependencies of your project to a known state",
        "Read more about it at https://getcomposer.org/doc/01-basic-usage.md#installing-dependencies",
        "This file is @generated automatically"
    ],
    "content-hash": "bc3b6614e7ed164e400e43ebdc05efcb",
    "packages": [
        {
            "name": "paymennt-test/paymennt-php",
            "version": "dev-main",
            "source": {
                "type": "git",
                "url": "https://github.com/abdullahkhan1214/paymennt-php.git",
                "reference": "1317f9243d3c38e6d59f5d6882a5a2446b9c55b8"
            },
            "dist": {
                "type": "zip",
                "url": "https://api.github.com/repos/abdullahkhan1214/paymennt-php/zipball/1317f9243d3c38e6d59f5d6882a5a2446b9c55b8",
                "reference": "1317f9243d3c38e6d59f5d6882a5a2446b9c55b8",
                "shasum": ""
            },
            "require": {
                "ext-curl": "*",
                "ext-json": "*",
                "php": ">=5.6.0"
            },
            "default-branch": true,
            "type": "library",
            "autoload": {
                "psr-4": {
                    "Paymennt\\": "src/"
                }
            },
            "notification-url": "https://packagist.org/downloads/",
            "license": [
                "MIT"
            ],
            "authors": [
                {
                    "name": "Bashar Saleh",
                    "email": "developer@paymennt.com"
                }
            ],
            "description": "PHP client for the PAYMENNT api",
            "homepage": "https://www.paymennt.com",
            "keywords": [
                "api",
                "paymennt",
                "payment gateway",
                "payment processing"
            ],
            "support": {
                "source": "https://github.com/abdullahkhan1214/paymennt-php/tree/main"
            },
            "time": "2022-06-03T11:28:11+00:00"
        }
    ],
    "packages-dev": [],
    "aliases": [],
    "minimum-stability": "dev",
    "stability-flags": [],
    "prefer-stable": false,
    "prefer-lowest": false,
    "platform": [],
    "platform-dev": [],
    "plugin-api-version": "2.1.0"
}
